
Microsoft Visual Studio Solution File, Format Version 12.00
# Visual Studio Version 17
VisualStudioVersion = 17.14.36511.14
MinimumVisualStudioVersion = 10.0.40219.1
Project("{FAE04EC0-301F-11D3-BF4B-00C04F79EFBC}") = "Portal-Refeicoes", "Portal-Refeicoes.csproj", "{EB0E1A22-2BDB-46C5-80C4-1A03304F4A90}"
EndProject
Global
	GlobalSection(SolutionConfigurationPlatforms) = preSolution
		Debug|Any CPU = Debug|Any CPU
		Release|Any CPU = Release|Any CPU
	EndGlobalSection
	GlobalSection(ProjectConfigurationPlatforms) = postSolution
		{EB0E1A22-2BDB-46C5-80C4-1A03304F4A90}.Debug|Any CPU.ActiveCfg = Debug|Any CPU
		{EB0E1A22-2BDB-46C5-80C4-1A03304F4A90}.Debug|Any CPU.Build.0 = Debug|Any CPU
		{EB0E1A22-2BDB-46C5-80C4-1A03304F4A90}.Release|Any CPU.ActiveCfg = Release|Any CPU
		{EB0E1A22-2BDB-46C5-80C4-1A03304F4A90}.Release|Any CPU.Build.0 = Release|Any CPU
	EndGlobalSection
	GlobalSection(SolutionProperties) = preSolution
		HideSolutionNode = FALSE
	EndGlobalSection
	GlobalSection(ExtensibilityGlobals) = postSolution
		SolutionGuid = {6C01085D-3CB1-4564-A33C-16AAC93CCCA6}
	EndGlobalSection
EndGlobal
